
Microsoft Visual Studio Solution File, Format Version 12.00
# Visual Studio Version 17
VisualStudioVersion = 17.8.34525.116
MinimumVisualStudioVersion = 10.0.40219.1
Project("{FAE04EC0-301F-11D3-BF4B-00C04F79EFBC}") = "Plantation_kokoinum", "Plantation_kokoinum\Plantation_kokoinum.csproj", "{2070514A-25F6-441C-908F-A961356FE6FD}"
EndProject
Global
	GlobalSection(SolutionConfigurationPlatforms) = preSolution
		Debug|Any CPU = Debug|Any CPU
		Release|Any CPU = Release|Any CPU
	EndGlobalSection
	GlobalSection(ProjectConfigurationPlatforms) = postSolution
		{2070514A-25F6-441C-908F-A961356FE6FD}.Debug|Any CPU.ActiveCfg = Debug|Any CPU
		{2070514A-25F6-441C-908F-A961356FE6FD}.Debug|Any CPU.Build.0 = Debug|Any CPU
		{2070514A-25F6-441C-908F-A961356FE6FD}.Release|Any CPU.ActiveCfg = Release|Any CPU
		{2070514A-25F6-441C-908F-A961356FE6FD}.Release|Any CPU.Build.0 = Release|Any CPU
	EndGlobalSection
	GlobalSection(SolutionProperties) = preSolution
		HideSolutionNode = FALSE
	EndGlobalSection
	GlobalSection(ExtensibilityGlobals) = postSolution
		SolutionGuid = {E04469E0-786F-460B-ACA7-862020873D14}
	EndGlobalSection
EndGlobal
